
Microsoft Visual Studio Solution File, Format Version 12.00
# Visual Studio Version 17
VisualStudioVersion = 17.3.32819.101
MinimumVisualStudioVersion = 10.0.40219.1
Project("{FAE04EC0-301F-11D3-BF4B-00C04F79EFBC}") = "FlashCards.Api", "FlashCards.Api\FlashCards.Api.csproj", "{E71DFC5B-D18E-45B9-BEA4-4DFE58F8EB05}"
EndProject
Global
	GlobalSection(SolutionConfigurationPlatforms) = preSolution
		Debug|Any CPU = Debug|Any CPU
		Release|Any CPU = Release|Any CPU
	EndGlobalSection
	GlobalSection(ProjectConfigurationPlatforms) = postSolution
		{E71DFC5B-D18E-45B9-BEA4-4DFE58F8EB05}.Debug|Any CPU.ActiveCfg = Debug|Any CPU
		{E71DFC5B-D18E-45B9-BEA4-4DFE58F8EB05}.Debug|Any CPU.Build.0 = Debug|Any CPU
		{E71DFC5B-D18E-45B9-BEA4-4DFE58F8EB05}.Release|Any CPU.ActiveCfg = Release|Any CPU
		{E71DFC5B-D18E-45B9-BEA4-4DFE58F8EB05}.Release|Any CPU.Build.0 = Release|Any CPU
	EndGlobalSection
	GlobalSection(SolutionProperties) = preSolution
		HideSolutionNode = FALSE
	EndGlobalSection
	GlobalSection(ExtensibilityGlobals) = postSolution
		SolutionGuid = {9C33D549-D6CE-4DA4-9D6C-7D2681CCCF27}
	EndGlobalSection
EndGlobal
